
Microsoft Visual Studio Solution File, Format Version 12.00
# Visual Studio Version 17
VisualStudioVersion = 17.5.33424.131
MinimumVisualStudioVersion = 10.0.40219.1
Project("{9A19103F-16F7-4668-BE54-9A1E7A4F7556}") = "WebApi", "WebApi\WebApi.csproj", "{1571E10C-2FA9-48BD-83C0-9FF97A5F6828}"
EndProject
Project("{9A19103F-16F7-4668-BE54-9A1E7A4F7556}") = "Entities", "Entities\Entities.csproj", "{FB0990D0-0615-4BBD-A8F9-0E677EA2DE8A}"
EndProject
Project("{9A19103F-16F7-4668-BE54-9A1E7A4F7556}") = "Repositories", "Repositories\Repositories.csproj", "{7E74FDD4-931A-4A08-9567-677C165C37AA}"
EndProject
Project("{FAE04EC0-301F-11D3-BF4B-00C04F79EFBC}") = "Services", "Services\Services.csproj", "{92C6EEC0-B8D1-4F52-B0C7-60C12837EE95}"
EndProject
Project("{FAE04EC0-301F-11D3-BF4B-00C04F79EFBC}") = "Presentation", "Presentation\Presentation.csproj", "{8AE12931-786B-4E2E-995A-FC99790F193E}"
EndProject
Global
	GlobalSection(SolutionConfigurationPlatforms) = preSolution
		Debug|Any CPU = Debug|Any CPU
		Release|Any CPU = Release|Any CPU
	EndGlobalSection
	GlobalSection(ProjectConfigurationPlatforms) = postSolution
		{1571E10C-2FA9-48BD-83C0-9FF97A5F6828}.Debug|Any CPU.ActiveCfg = Debug|Any CPU
		{1571E10C-2FA9-48BD-83C0-9FF97A5F6828}.Debug|Any CPU.Build.0 = Debug|Any CPU
		{1571E10C-2FA9-48BD-83C0-9FF97A5F6828}.Release|Any CPU.ActiveCfg = Release|Any CPU
		{1571E10C-2FA9-48BD-83C0-9FF97A5F6828}.Release|Any CPU.Build.0 = Release|Any CPU
		{FB0990D0-0615-4BBD-A8F9-0E677EA2DE8A}.Debug|Any CPU.ActiveCfg = Debug|Any CPU
		{FB0990D0-0615-4BBD-A8F9-0E677EA2DE8A}.Debug|Any CPU.Build.0 = Debug|Any CPU
		{FB0990D0-0615-4BBD-A8F9-0E677EA2DE8A}.Release|Any CPU.ActiveCfg = Release|Any CPU
		{FB0990D0-0615-4BBD-A8F9-0E677EA2DE8A}.Release|Any CPU.Build.0 = Release|Any CPU
		{7E74FDD4-931A-4A08-9567-677C165C37AA}.Debug|Any CPU.ActiveCfg = Debug|Any CPU
		{7E74FDD4-931A-4A08-9567-677C165C37AA}.Debug|Any CPU.Build.0 = Debug|Any CPU
		{7E74FDD4-931A-4A08-9567-677C165C37AA}.Release|Any CPU.ActiveCfg = Release|Any CPU
		{7E74FDD4-931A-4A08-9567-677C165C37AA}.Release|Any CPU.Build.0 = Release|Any CPU
		{92C6EEC0-B8D1-4F52-B0C7-60C12837EE95}.Debug|Any CPU.ActiveCfg = Debug|Any CPU
		{92C6EEC0-B8D1-4F52-B0C7-60C12837EE95}.Debug|Any CPU.Build.0 = Debug|Any CPU
		{92C6EEC0-B8D1-4F52-B0C7-60C12837EE95}.Release|Any CPU.ActiveCfg = Release|Any CPU
		{92C6EEC0-B8D1-4F52-B0C7-60C12837EE95}.Release|Any CPU.Build.0 = Release|Any CPU
		{8AE12931-786B-4E2E-995A-FC99790F193E}.Debug|Any CPU.ActiveCfg = Debug|Any CPU
		{8AE12931-786B-4E2E-995A-FC99790F193E}.Debug|Any CPU.Build.0 = Debug|Any CPU
		{8AE12931-786B-4E2E-995A-FC99790F193E}.Release|Any CPU.ActiveCfg = Release|Any CPU
		{8AE12931-786B-4E2E-995A-FC99790F193E}.Release|Any CPU.Build.0 = Release|Any CPU
	EndGlobalSection
	GlobalSection(SolutionProperties) = preSolution
		HideSolutionNode = FALSE
	EndGlobalSection
	GlobalSection(ExtensibilityGlobals) = postSolution
		SolutionGuid = {7B255EBB-2E7D-4396-9761-BA10CB608780}
	EndGlobalSection
EndGlobal
